// !$*UTF8*$!
{
	archiveVersion = 1;
	classes = {
	};
	objectVersion = 46;
	objects = {

/* Begin PBXBuildFile section */
		16869BE01E1DE6FC0018D313 /* AppDelegate.swift in Sources */ = {isa = PBXBuildFile; fileRef = 16869BDF1E1DE6FC0018D313 /* AppDelegate.swift */; };
		16869BE21E1DE6FC0018D313 /* ViewController.swift in Sources */ = {isa = PBXBuildFile; fileRef = 16869BE11E1DE6FC0018D313 /* ViewController.swift */; };
		16869BE51E1DE6FC0018D313 /* Main.storyboard in Resources */ = {isa = PBXBuildFile; fileRef = 16869BE31E1DE6FC0018D313 /* Main.storyboard */; };
		16869BE71E1DE6FC0018D313 /* Assets.xcassets in Resources */ = {isa = PBXBuildFile; fileRef = 16869BE61E1DE6FC0018D313 /* Assets.xcassets */; };
		16869BEA1E1DE6FC0018D313 /* LaunchScreen.storyboard in Resources */ = {isa = PBXBuildFile; fileRef = 16869BE81E1DE6FC0018D313 /* LaunchScreen.storyboard */; };
/* End PBXBuildFile section */

/* Begin PBXFileReference section */
		16869BDC1E1DE6FC0018D313 /* twitterLBTA.app */ = {isa = PBXFileReference; explicitFileType = wrapper.application; includeInIndex = 0; path = twitterLBTA.app; sourceTree = BUILT_PRODUCTS_DIR; };
		16869BDF1E1DE6FC0018D313 /* AppDelegate.swift */ = {isa = PBXFileReference; lastKnownFileType = sourcecode.swift; path = AppDelegate.swift; sourceTree = "<group>"; };
		16869BE11E1DE6FC0018D313 /* ViewController.swift */ = {isa = PBXFileReference; lastKnownFileType = sourcecode.swift; path = ViewController.swift; sourceTree = "<group>"; };
		16869BE41E1DE6FC0018D313 /* Base */ = {isa = PBXFileReference; lastKnownFileType = file.storyboard; name = Base; path = Base.lproj/Main.storyboard; sourceTree = "<group>"; };
		16869BE61E1DE6FC0018D313 /* Assets.xcassets */ = {isa = PBXFileReference; lastKnownFileType = folder.assetcatalog; path = Assets.xcassets; sourceTree = "<group>"; };
		16869BE91E1DE6FC0018D313 /* Base */ = {isa = PBXFileReference; lastKnownFileType = file.storyboard; name = Base; path = Base.lproj/LaunchScreen.storyboard; sourceTree = "<group>"; };
		16869BEB1E1DE6FC0018D313 /* Info.plist */ = {isa = PBXFileReference; lastKnownFileType = text.plist.xml; path = Info.plist; sourceTree = "<group>"; };
/* End PBXFileReference section */

/* Begin PBXFrameworksBuildPhase section */
		16869BD91E1DE6FB0018D313 /* Frameworks */ = {
			isa = PBXFrameworksBuildPhase;
			buildActionMask = 2147483647;
			files = (
			);
			runOnlyForDeploymentPostprocessing = 0;
		};
/* End PBXFrameworksBuildPhase section */

/* Begin PBXGroup section */
		16869BD31E1DE6FB0018D313 = {
			isa = PBXGroup;
			children = (
				16869BDE1E1DE6FC0018D313 /* twitterLBTA */,
				16869BDD1E1DE6FC0018D313 /* Products */,
			);
			sourceTree = "<group>";
		};
		16869BDD1E1DE6FC0018D313 /* Products */ = {
			isa = PBXGroup;
			children = (
				16869BDC1E1DE6FC0018D313 /* twitterLBTA.app */,
			);
			name = Products;
			sourceTree = "<group>";
		};
		16869BDE1E1DE6FC0018D313 /* twitterLBTA */ = {
			isa = PBXGroup;
			children = (
				16869BDF1E1DE6FC0018D313 /* AppDelegate.swift */,
				16869BE11E1DE6FC0018D313 /* ViewController.swift */,
				16869BE31E1DE6FC0018D313 /* Main.storyboard */,
				16869BE61E1DE6FC0018D313 /* Assets.xcassets */,
				16869BE81E1DE6FC0018D313 /* LaunchScreen.storyboard */,
				16869BEB1E1DE6FC0018D313 /* Info.plist */,
			);
			path = twitterLBTA;
			sourceTree = "<group>";
		};
/* End PBXGroup section */

/* Begin PBXNativeTarget section */
		16869BDB1E1DE6FB0018D313 /* twitterLBTA */ = {
			isa = PBXNativeTarget;
			buildConfigurationList = 16869BEE1E1DE6FC0018D313 /* Build configuration list for PBXNativeTarget "twitterLBTA" */;
			buildPhases = (
				16869BD81E1DE6FB0018D313 /* Sources */,
				16869BD91E1DE6FB0018D313 /* Frameworks */,
				16869BDA1E1DE6FB0018D313 /* Resources */,
			);
			buildRules = (
			);
			dependencies = (
			);
			name = twitterLBTA;
			productName = twitterLBTA;
			productReference = 16869BDC1E1DE6FC0018D313 /* twitterLBTA.app */;
			productType = "com.apple.product-type.application";
		};
/* End PBXNativeTarget section */

/* Begin PBXProject section */
		16869BD41E1DE6FB0018D313 /* Project object */ = {
			isa = PBXProject;
			attributes = {
				LastSwiftUpdateCheck = 0820;
				LastUpgradeCheck = 0820;
				ORGANIZATIONNAME = "Darrell Payne";
				TargetAttributes = {
					16869BDB1E1DE6FB0018D313 = {
						CreatedOnToolsVersion = 8.2.1;
						DevelopmentTeam = YH2L94SFDJ;
						ProvisioningStyle = Automatic;
					};
				};
			};
			buildConfigurationList = 16869BD71E1DE6FB0018D313 /* Build configuration list for PBXProject "twitterLBTA" */;
			compatibilityVersion = "Xcode 3.2";
			developmentRegion = English;
			hasScannedForEncodings = 0;
			knownRegions = (
				en,
				Base,
			);
			mainGroup = 16869BD31E1DE6FB0018D313;
			productRefGroup = 16869BDD1E1DE6FC0018D313 /* Products */;
			projectDirPath = "";
			projectRoot = "";
			targets = (
				16869BDB1E1DE6FB0018D313 /* twitterLBTA */,
			);
		};
/* End PBXProject section */

/* Begin PBXResourcesBuildPhase section */
		16869BDA1E1DE6FB0018D313 /* Resources */ = {
			isa = PBXResourcesBuildPhase;
			buildActionMask = 2147483647;
			files = (
				16869BEA1E1DE6FC0018D313 /* LaunchScreen.storyboard in Resources */,
				16869BE71E1DE6FC0018D313 /* Assets.xcassets in Resources */,
				16869BE51E1DE6FC0018D313 /* Main.storyboard in Resources */,
			);
			runOnlyForDeploymentPostprocessing = 0;
		};
/* End PBXResourcesBuildPhase section */

/* Begin PBXSourcesBuildPhase section */
		16869BD81E1DE6FB0018D313 /* Sources */ = {
			isa = PBXSourcesBuildPhase;
			buildActionMask = 2147483647;
			files = (
				16869BE21E1DE6FC0018D313 /* ViewController.swift in Sources */,
				16869BE01E1DE6FC0018D313 /* AppDelegate.swift in Sources */,
			);
			runOnlyForDeploymentPostprocessing = 0;
		};
/* End PBXSourcesBuildPhase section */

/* Begin PBXVariantGroup section */
		16869BE31E1DE6FC0018D313 /* Main.storyboard */ = {
			isa = PBXVariantGroup;
			children = (
				16869BE41E1DE6FC0018D313 /* Base */,
			);
			name = Main.storyboard;
			sourceTree = "<group>";
		};
		16869BE81E1DE6FC0018D313 /* LaunchScreen.storyboard */ = {
			isa = PBXVariantGroup;
			children = (
				16869BE91E1DE6FC0018D313 /* Base */,
			);
			name = LaunchScreen.storyboard;
			sourceTree = "<group>";
		};
/* End PBXVariantGroup section */

/* Begin XCBuildConfiguration section */
		16869BEC1E1DE6FC0018D313 /* Debug */ = {
			isa = XCBuildConfiguration;
			buildSettings = {
				ALWAYS_SEARCH_USER_PATHS = NO;
				CLANG_ANALYZER_NONNULL = YES;
				CLANG_CXX_LANGUAGE_STANDARD = "gnu++0x";
				CLANG_CXX_LIBRARY = "libc++";
				CLANG_ENABLE_MODULES = YES;
				CLANG_ENABLE_OBJC_ARC = YES;
				CLANG_WARN_BOOL_CONVERSION = YES;
				CLANG_WARN_CONSTANT_CONVERSION = YES;
				CLANG_WARN_DIRECT_OBJC_ISA_USAGE = YES_ERROR;
				CLANG_WARN_DOCUMENTATION_COMMENTS = YES;
				CLANG_WARN_EMPTY_BODY = YES;
				CLANG_WARN_ENUM_CONVERSION = YES;
				CLANG_WARN_INFINITE_RECURSION = YES;
				CLANG_WARN_INT_CONVERSION = YES;
				CLANG_WARN_OBJC_ROOT_CLASS = YES_ERROR;
				CLANG_WARN_SUSPICIOUS_MOVE = YES;
				CLANG_WARN_UNREACHABLE_CODE = YES;
				CLANG_WARN__DUPLICATE_METHOD_MATCH = YES;
				"CODE_SIGN_IDENTITY[sdk=iphoneos*]" = "iPhone Developer";
				COPY_PHASE_STRIP = NO;
				DEBUG_INFORMATION_FORMAT = dwarf;
				ENABLE_STRICT_OBJC_MSGSEND = YES;
				ENABLE_TESTABILITY = YES;
				GCC_C_LANGUAGE_STANDARD = gnu99;
				GCC_DYNAMIC_NO_PIC = NO;
				GCC_NO_COMMON_BLOCKS = YES;
				GCC_OPTIMIZATION_LEVEL = 0;
				GCC_PREPROCESSOR_DEFINITIONS = (
					"DEBUG=1",
					"$(inherited)",
				);
				GCC_WARN_64_TO_32_BIT_CONVERSION = YES;
				GCC_WARN_ABOUT_RETURN_TYPE = YES_ERROR;
				GCC_WARN_UNDECLARED_SELECTOR = YES;
				GCC_WARN_UNINITIALIZED_AUTOS = YES_AGGRESSIVE;
				GCC_WARN_UNUSED_FUNCTION = YES;
				GCC_WARN_UNUSED_VARIABLE = YES;
				IPHONEOS_DEPLOYMENT_TARGET = 10.2;
				MTL_ENABLE_DEBUG_INFO = YES;
				ONLY_ACTIVE_ARCH = YES;
				SDKROOT = iphoneos;
				SWIFT_ACTIVE_COMPILATION_CONDITIONS = DEBUG;
				SWIFT_OPTIMIZATION_LEVEL = "-Onone";
			};
			name = Debug;
		};
		16869BED1E1DE6FC0018D313 /* Release */ = {
			isa = XCBuildConfiguration;
			buildSettings = {
				ALWAYS_SEARCH_USER_PATHS = NO;
				CLANG_ANALYZER_NONNULL = YES;
				CLANG_CXX_LANGUAGE_STANDARD = "gnu++0x";
				CLANG_CXX_LIBRARY = "libc++";
				CLANG_ENABLE_MODULES = YES;
				CLANG_ENABLE_OBJC_ARC = YES;
				CLANG_WARN_BOOL_CONVERSION = YES;
				CLANG_WARN_CONSTANT_CONVERSION = YES;
				CLANG_WARN_DIRECT_OBJC_ISA_USAGE = YES_ERROR;
				CLANG_WARN_DOCUMENTATION_COMMENTS = YES;
				CLANG_WARN_EMPTY_BODY = YES;
				CLANG_WARN_ENUM_CONVERSION = YES;
				CLANG_WARN_INFINITE_RECURSION = YES;
				CLANG_WARN_INT_CONVERSION = YES;
				CLANG_WARN_OBJC_ROOT_CLASS = YES_ERROR;
				CLANG_WARN_SUSPICIOUS_MOVE = YES;
				CLANG_WARN_UNREACHABLE_CODE = YES;
				CLANG_WARN__DUPLICATE_METHOD_MATCH = YES;
				"CODE_SIGN_IDENTITY[sdk=iphoneos*]" = "iPhone Developer";
				COPY_PHASE_STRIP = NO;
				DEBUG_INFORMATION_FORMAT = "dwarf-with-dsym";
				ENABLE_NS_ASSERTIONS = NO;
				ENABLE_STRICT_OBJC_MSGSEND = YES;
				GCC_C_LANGUAGE_STANDARD = gnu99;
				GCC_NO_COMMON_BLOCKS = YES;
				GCC_WARN_64_TO_32_BIT_CONVERSION = YES;
				GCC_WARN_ABOUT_RETURN_TYPE = YES_ERROR;
				GCC_WARN_UNDECLARED_SELECTOR = YES;
				GCC_WARN_UNINITIALIZED_AUTOS = YES_AGGRESSIVE;
				GCC_WARN_UNUSED_FUNCTION = YES;
				GCC_WARN_UNUSED_VARIABLE = YES;
				IPHONEOS_DEPLOYMENT_TARGET = 10.2;
				MTL_ENABLE_DEBUG_INFO = NO;
				SDKROOT = iphoneos;
				SWIFT_OPTIMIZATION_LEVEL = "-Owholemodule";
				VALIDATE_PRODUCT = YES;
			};
			name = Release;
		};
		16869BEF1E1DE6FC0018D313 /* Debug */ = {
			isa = XCBuildConfiguration;
			buildSettings = {
				ASSETCATALOG_COMPILER_APPICON_NAME = AppIcon;
				DEVELOPMENT_TEAM = YH2L94SFDJ;
				INFOPLIST_FILE = twitterLBTA/Info.plist;
				LD_RUNPATH_SEARCH_PATHS = "$(inherited) @executable_path/Frameworks";
				PRODUCT_BUNDLE_IDENTIFIER = com.sanctuaryofdarkness.twitterLBTA;
				PRODUCT_NAME = "$(TARGET_NAME)";
				SWIFT_VERSION = 3.0;
			};
			name = Debug;
		};
		16869BF01E1DE6FC0018D313 /* Release */ = {
			isa = XCBuildConfiguration;
			buildSettings = {
				ASSETCATALOG_COMPILER_APPICON_NAME = AppIcon;
				DEVELOPMENT_TEAM = YH2L94SFDJ;
				INFOPLIST_FILE = twitterLBTA/Info.plist;
				LD_RUNPATH_SEARCH_PATHS = "$(inherited) @executable_path/Frameworks";
				PRODUCT_BUNDLE_IDENTIFIER = com.sanctuaryofdarkness.twitterLBTA;
				PRODUCT_NAME = "$(TARGET_NAME)";
				SWIFT_VERSION = 3.0;
			};
			name = Release;
		};
/* End XCBuildConfiguration section */

/* Begin XCConfigurationList section */
		16869BD71E1DE6FB0018D313 /* Build configuration list for PBXProject "twitterLBTA" */ = {
			isa = XCConfigurationList;
			buildConfigurations = (
				16869BEC1E1DE6FC0018D313 /* Debug */,
				16869BED1E1DE6FC0018D313 /* Release */,
			);
			defaultConfigurationIsVisible = 0;
			defaultConfigurationName = Release;
		};
		16869BEE1E1DE6FC0018D313 /* Build configuration list for PBXNativeTarget "twitterLBTA" */ = {
			isa = XCConfigurationList;
			buildConfigurations = (
				16869BEF1E1DE6FC0018D313 /* Debug */,
				16869BF01E1DE6FC0018D313 /* Release */,
			);
			defaultConfigurationIsVisible = 0;
		};
/* End XCConfigurationList section */
	};
	rootObject = 16869BD41E1DE6FB0018D313 /* Project object */;
}
