// !$*UTF8*$!
{
	archiveVersion = 1;
	classes = {
	};
	objectVersion = 46;
	objects = {

/* Begin PBXBuildFile section */
		1652A28E1E1F37BF00F2DA72 /* HomeDataSourceController.swift in Sources */ = {isa = PBXBuildFile; fileRef = 1652A28D1E1F37BF00F2DA72 /* HomeDataSourceController.swift */; };
		1652A2931E216C0700F2DA72 /* Cells.swift in Sources */ = {isa = PBXBuildFile; fileRef = 1652A2921E216C0700F2DA72 /* Cells.swift */; };
		1652A2951E216CB700F2DA72 /* HomeDataSource.swift in Sources */ = {isa = PBXBuildFile; fileRef = 1652A2941E216CB700F2DA72 /* HomeDataSource.swift */; };
		16869BE01E1DE6FC0018D313 /* AppDelegate.swift in Sources */ = {isa = PBXBuildFile; fileRef = 16869BDF1E1DE6FC0018D313 /* AppDelegate.swift */; };
		16869BE71E1DE6FC0018D313 /* Assets.xcassets in Resources */ = {isa = PBXBuildFile; fileRef = 16869BE61E1DE6FC0018D313 /* Assets.xcassets */; };
		16869BEA1E1DE6FC0018D313 /* LaunchScreen.storyboard in Resources */ = {isa = PBXBuildFile; fileRef = 16869BE81E1DE6FC0018D313 /* LaunchScreen.storyboard */; };
		16869BF21E1DEA200018D313 /* HomeController.swift in Sources */ = {isa = PBXBuildFile; fileRef = 16869BF11E1DEA200018D313 /* HomeController.swift */; };
		A9031928298E9B4A5C2742B0 /* Pods_twitterLBTA.framework in Frameworks */ = {isa = PBXBuildFile; fileRef = 57BF94C0785DEE653FC4EA4D /* Pods_twitterLBTA.framework */; };
/* End PBXBuildFile section */

/* Begin PBXFileReference section */
		1652A28D1E1F37BF00F2DA72 /* HomeDataSourceController.swift */ = {isa = PBXFileReference; fileEncoding = 4; lastKnownFileType = sourcecode.swift; path = HomeDataSourceController.swift; sourceTree = "<group>"; };
		1652A2921E216C0700F2DA72 /* Cells.swift */ = {isa = PBXFileReference; fileEncoding = 4; lastKnownFileType = sourcecode.swift; path = Cells.swift; sourceTree = "<group>"; };
		1652A2941E216CB700F2DA72 /* HomeDataSource.swift */ = {isa = PBXFileReference; fileEncoding = 4; lastKnownFileType = sourcecode.swift; path = HomeDataSource.swift; sourceTree = "<group>"; };
		16869BDC1E1DE6FC0018D313 /* twitterLBTA.app */ = {isa = PBXFileReference; explicitFileType = wrapper.application; includeInIndex = 0; path = twitterLBTA.app; sourceTree = BUILT_PRODUCTS_DIR; };
		16869BDF1E1DE6FC0018D313 /* AppDelegate.swift */ = {isa = PBXFileReference; lastKnownFileType = sourcecode.swift; path = AppDelegate.swift; sourceTree = "<group>"; };
		16869BE61E1DE6FC0018D313 /* Assets.xcassets */ = {isa = PBXFileReference; lastKnownFileType = folder.assetcatalog; path = Assets.xcassets; sourceTree = "<group>"; };
		16869BE91E1DE6FC0018D313 /* Base */ = {isa = PBXFileReference; lastKnownFileType = file.storyboard; name = Base; path = Base.lproj/LaunchScreen.storyboard; sourceTree = "<group>"; };
		16869BEB1E1DE6FC0018D313 /* Info.plist */ = {isa = PBXFileReference; lastKnownFileType = text.plist.xml; path = Info.plist; sourceTree = "<group>"; };
		16869BF11E1DEA200018D313 /* HomeController.swift */ = {isa = PBXFileReference; fileEncoding = 4; lastKnownFileType = sourcecode.swift; path = HomeController.swift; sourceTree = "<group>"; };
		57BF94C0785DEE653FC4EA4D /* Pods_twitterLBTA.framework */ = {isa = PBXFileReference; explicitFileType = wrapper.framework; includeInIndex = 0; path = Pods_twitterLBTA.framework; sourceTree = BUILT_PRODUCTS_DIR; };
		D0ECF42FAA99F1F9F9C22B1D /* Pods-twitterLBTA.release.xcconfig */ = {isa = PBXFileReference; includeInIndex = 1; lastKnownFileType = text.xcconfig; name = "Pods-twitterLBTA.release.xcconfig"; path = "Pods/Target Support Files/Pods-twitterLBTA/Pods-twitterLBTA.release.xcconfig"; sourceTree = "<group>"; };
		EF244C742988284DC5855FCF /* Pods-twitterLBTA.debug.xcconfig */ = {isa = PBXFileReference; includeInIndex = 1; lastKnownFileType = text.xcconfig; name = "Pods-twitterLBTA.debug.xcconfig"; path = "Pods/Target Support Files/Pods-twitterLBTA/Pods-twitterLBTA.debug.xcconfig"; sourceTree = "<group>"; };
/* End PBXFileReference section */

/* Begin PBXFrameworksBuildPhase section */
		16869BD91E1DE6FB0018D313 /* Frameworks */ = {
			isa = PBXFrameworksBuildPhase;
			buildActionMask = 2147483647;
			files = (
				A9031928298E9B4A5C2742B0 /* Pods_twitterLBTA.framework in Frameworks */,
			);
			runOnlyForDeploymentPostprocessing = 0;
		};
/* End PBXFrameworksBuildPhase section */

/* Begin PBXGroup section */
		1652A28F1E216B8500F2DA72 /* Controller */ = {
			isa = PBXGroup;
			children = (
				1652A28D1E1F37BF00F2DA72 /* HomeDataSourceController.swift */,
			);
			name = Controller;
			sourceTree = "<group>";
		};
		1652A2901E216B9A00F2DA72 /* Model */ = {
			isa = PBXGroup;
			children = (
				1652A2941E216CB700F2DA72 /* HomeDataSource.swift */,
			);
			name = Model;
			sourceTree = "<group>";
		};
		1652A2911E216BAD00F2DA72 /* View */ = {
			isa = PBXGroup;
			children = (
				1652A2921E216C0700F2DA72 /* Cells.swift */,
			);
			name = View;
			sourceTree = "<group>";
		};
		16869BD31E1DE6FB0018D313 = {
			isa = PBXGroup;
			children = (
				16869BDE1E1DE6FC0018D313 /* twitterLBTA */,
				16869BDD1E1DE6FC0018D313 /* Products */,
				F67B208E75444EB3F082F123 /* Pods */,
				BB3D5B5053412129CE000211 /* Frameworks */,
			);
			sourceTree = "<group>";
		};
		16869BDD1E1DE6FC0018D313 /* Products */ = {
			isa = PBXGroup;
			children = (
				16869BDC1E1DE6FC0018D313 /* twitterLBTA.app */,
			);
			name = Products;
			sourceTree = "<group>";
		};
		16869BDE1E1DE6FC0018D313 /* twitterLBTA */ = {
			isa = PBXGroup;
			children = (
				1652A2911E216BAD00F2DA72 /* View */,
				1652A2901E216B9A00F2DA72 /* Model */,
				1652A28F1E216B8500F2DA72 /* Controller */,
				16869BDF1E1DE6FC0018D313 /* AppDelegate.swift */,
				16869BF11E1DEA200018D313 /* HomeController.swift */,
				16869BE61E1DE6FC0018D313 /* Assets.xcassets */,
				16869BE81E1DE6FC0018D313 /* LaunchScreen.storyboard */,
				16869BEB1E1DE6FC0018D313 /* Info.plist */,
			);
			path = twitterLBTA;
			sourceTree = "<group>";
		};
		BB3D5B5053412129CE000211 /* Frameworks */ = {
			isa = PBXGroup;
			children = (
				57BF94C0785DEE653FC4EA4D /* Pods_twitterLBTA.framework */,
			);
			name = Frameworks;
			sourceTree = "<group>";
		};
		F67B208E75444EB3F082F123 /* Pods */ = {
			isa = PBXGroup;
			children = (
				EF244C742988284DC5855FCF /* Pods-twitterLBTA.debug.xcconfig */,
				D0ECF42FAA99F1F9F9C22B1D /* Pods-twitterLBTA.release.xcconfig */,
			);
			name = Pods;
			sourceTree = "<group>";
		};
/* End PBXGroup section */

/* Begin PBXNativeTarget section */
		16869BDB1E1DE6FB0018D313 /* twitterLBTA */ = {
			isa = PBXNativeTarget;
			buildConfigurationList = 16869BEE1E1DE6FC0018D313 /* Build configuration list for PBXNativeTarget "twitterLBTA" */;
			buildPhases = (
				BC1DFE0F307B7DE98ED176E4 /* [CP] Check Pods Manifest.lock */,
				16869BD81E1DE6FB0018D313 /* Sources */,
				16869BD91E1DE6FB0018D313 /* Frameworks */,
				16869BDA1E1DE6FB0018D313 /* Resources */,
				C7B4C67DACF979B4D981BDDD /* [CP] Embed Pods Frameworks */,
				A6F83C83DBF2250C112A8867 /* [CP] Copy Pods Resources */,
			);
			buildRules = (
			);
			dependencies = (
			);
			name = twitterLBTA;
			productName = twitterLBTA;
			productReference = 16869BDC1E1DE6FC0018D313 /* twitterLBTA.app */;
			productType = "com.apple.product-type.application";
		};
/* End PBXNativeTarget section */

/* Begin PBXProject section */
		16869BD41E1DE6FB0018D313 /* Project object */ = {
			isa = PBXProject;
			attributes = {
				LastSwiftUpdateCheck = 0820;
				LastUpgradeCheck = 0820;
				ORGANIZATIONNAME = "Darrell Payne";
				TargetAttributes = {
					16869BDB1E1DE6FB0018D313 = {
						CreatedOnToolsVersion = 8.2.1;
						DevelopmentTeam = YH2L94SFDJ;
						ProvisioningStyle = Automatic;
					};
				};
			};
			buildConfigurationList = 16869BD71E1DE6FB0018D313 /* Build configuration list for PBXProject "twitterLBTA" */;
			compatibilityVersion = "Xcode 3.2";
			developmentRegion = English;
			hasScannedForEncodings = 0;
			knownRegions = (
				en,
				Base,
			);
			mainGroup = 16869BD31E1DE6FB0018D313;
			productRefGroup = 16869BDD1E1DE6FC0018D313 /* Products */;
			projectDirPath = "";
			projectRoot = "";
			targets = (
				16869BDB1E1DE6FB0018D313 /* twitterLBTA */,
			);
		};
/* End PBXProject section */

/* Begin PBXResourcesBuildPhase section */
		16869BDA1E1DE6FB0018D313 /* Resources */ = {
			isa = PBXResourcesBuildPhase;
			buildActionMask = 2147483647;
			files = (
				16869BEA1E1DE6FC0018D313 /* LaunchScreen.storyboard in Resources */,
				16869BE71E1DE6FC0018D313 /* Assets.xcassets in Resources */,
			);
			runOnlyForDeploymentPostprocessing = 0;
		};
/* End PBXResourcesBuildPhase section */

/* Begin PBXShellScriptBuildPhase section */
		A6F83C83DBF2250C112A8867 /* [CP] Copy Pods Resources */ = {
			isa = PBXShellScriptBuildPhase;
			buildActionMask = 2147483647;
			files = (
			);
			inputPaths = (
			);
			name = "[CP] Copy Pods Resources";
			outputPaths = (
			);
			runOnlyForDeploymentPostprocessing = 0;
			shellPath = /bin/sh;
			shellScript = "\"${SRCROOT}/Pods/Target Support Files/Pods-twitterLBTA/Pods-twitterLBTA-resources.sh\"\n";
			showEnvVarsInLog = 0;
		};
		BC1DFE0F307B7DE98ED176E4 /* [CP] Check Pods Manifest.lock */ = {
			isa = PBXShellScriptBuildPhase;
			buildActionMask = 2147483647;
			files = (
			);
			inputPaths = (
			);
			name = "[CP] Check Pods Manifest.lock";
			outputPaths = (
			);
			runOnlyForDeploymentPostprocessing = 0;
			shellPath = /bin/sh;
			shellScript = "diff \"${PODS_ROOT}/../Podfile.lock\" \"${PODS_ROOT}/Manifest.lock\" > /dev/null\nif [ $? != 0 ] ; then\n    # print error to STDERR\n    echo \"error: The sandbox is not in sync with the Podfile.lock. Run 'pod install' or update your CocoaPods installation.\" >&2\n    exit 1\nfi\n";
			showEnvVarsInLog = 0;
		};
		C7B4C67DACF979B4D981BDDD /* [CP] Embed Pods Frameworks */ = {
			isa = PBXShellScriptBuildPhase;
			buildActionMask = 2147483647;
			files = (
			);
			inputPaths = (
			);
			name = "[CP] Embed Pods Frameworks";
			outputPaths = (
			);
			runOnlyForDeploymentPostprocessing = 0;
			shellPath = /bin/sh;
			shellScript = "\"${SRCROOT}/Pods/Target Support Files/Pods-twitterLBTA/Pods-twitterLBTA-frameworks.sh\"\n";
			showEnvVarsInLog = 0;
		};
/* End PBXShellScriptBuildPhase section */

/* Begin PBXSourcesBuildPhase section */
		16869BD81E1DE6FB0018D313 /* Sources */ = {
			isa = PBXSourcesBuildPhase;
			buildActionMask = 2147483647;
			files = (
				1652A2951E216CB700F2DA72 /* HomeDataSource.swift in Sources */,
				1652A28E1E1F37BF00F2DA72 /* HomeDataSourceController.swift in Sources */,
				1652A2931E216C0700F2DA72 /* Cells.swift in Sources */,
				16869BE01E1DE6FC0018D313 /* AppDelegate.swift in Sources */,
				16869BF21E1DEA200018D313 /* HomeController.swift in Sources */,
			);
			runOnlyForDeploymentPostprocessing = 0;
		};
/* End PBXSourcesBuildPhase section */

/* Begin PBXVariantGroup section */
		16869BE81E1DE6FC0018D313 /* LaunchScreen.storyboard */ = {
			isa = PBXVariantGroup;
			children = (
				16869BE91E1DE6FC0018D313 /* Base */,
			);
			name = LaunchScreen.storyboard;
			sourceTree = "<group>";
		};
/* End PBXVariantGroup section */

/* Begin XCBuildConfiguration section */
		16869BEC1E1DE6FC0018D313 /* Debug */ = {
			isa = XCBuildConfiguration;
			buildSettings = {
				ALWAYS_SEARCH_USER_PATHS = NO;
				CLANG_ANALYZER_NONNULL = YES;
				CLANG_CXX_LANGUAGE_STANDARD = "gnu++0x";
				CLANG_CXX_LIBRARY = "libc++";
				CLANG_ENABLE_MODULES = YES;
				CLANG_ENABLE_OBJC_ARC = YES;
				CLANG_WARN_BOOL_CONVERSION = YES;
				CLANG_WARN_CONSTANT_CONVERSION = YES;
				CLANG_WARN_DIRECT_OBJC_ISA_USAGE = YES_ERROR;
				CLANG_WARN_DOCUMENTATION_COMMENTS = YES;
				CLANG_WARN_EMPTY_BODY = YES;
				CLANG_WARN_ENUM_CONVERSION = YES;
				CLANG_WARN_INFINITE_RECURSION = YES;
				CLANG_WARN_INT_CONVERSION = YES;
				CLANG_WARN_OBJC_ROOT_CLASS = YES_ERROR;
				CLANG_WARN_SUSPICIOUS_MOVE = YES;
				CLANG_WARN_UNREACHABLE_CODE = YES;
				CLANG_WARN__DUPLICATE_METHOD_MATCH = YES;
				"CODE_SIGN_IDENTITY[sdk=iphoneos*]" = "iPhone Developer";
				COPY_PHASE_STRIP = NO;
				DEBUG_INFORMATION_FORMAT = dwarf;
				ENABLE_STRICT_OBJC_MSGSEND = YES;
				ENABLE_TESTABILITY = YES;
				GCC_C_LANGUAGE_STANDARD = gnu99;
				GCC_DYNAMIC_NO_PIC = NO;
				GCC_NO_COMMON_BLOCKS = YES;
				GCC_OPTIMIZATION_LEVEL = 0;
				GCC_PREPROCESSOR_DEFINITIONS = (
					"DEBUG=1",
					"$(inherited)",
				);
				GCC_WARN_64_TO_32_BIT_CONVERSION = YES;
				GCC_WARN_ABOUT_RETURN_TYPE = YES_ERROR;
				GCC_WARN_UNDECLARED_SELECTOR = YES;
				GCC_WARN_UNINITIALIZED_AUTOS = YES_AGGRESSIVE;
				GCC_WARN_UNUSED_FUNCTION = YES;
				GCC_WARN_UNUSED_VARIABLE = YES;
				IPHONEOS_DEPLOYMENT_TARGET = 10.2;
				MTL_ENABLE_DEBUG_INFO = YES;
				ONLY_ACTIVE_ARCH = YES;
				SDKROOT = iphoneos;
				SWIFT_ACTIVE_COMPILATION_CONDITIONS = DEBUG;
				SWIFT_OPTIMIZATION_LEVEL = "-Onone";
			};
			name = Debug;
		};
		16869BED1E1DE6FC0018D313 /* Release */ = {
			isa = XCBuildConfiguration;
			buildSettings = {
				ALWAYS_SEARCH_USER_PATHS = NO;
				CLANG_ANALYZER_NONNULL = YES;
				CLANG_CXX_LANGUAGE_STANDARD = "gnu++0x";
				CLANG_CXX_LIBRARY = "libc++";
				CLANG_ENABLE_MODULES = YES;
				CLANG_ENABLE_OBJC_ARC = YES;
				CLANG_WARN_BOOL_CONVERSION = YES;
				CLANG_WARN_CONSTANT_CONVERSION = YES;
				CLANG_WARN_DIRECT_OBJC_ISA_USAGE = YES_ERROR;
				CLANG_WARN_DOCUMENTATION_COMMENTS = YES;
				CLANG_WARN_EMPTY_BODY = YES;
				CLANG_WARN_ENUM_CONVERSION = YES;
				CLANG_WARN_INFINITE_RECURSION = YES;
				CLANG_WARN_INT_CONVERSION = YES;
				CLANG_WARN_OBJC_ROOT_CLASS = YES_ERROR;
				CLANG_WARN_SUSPICIOUS_MOVE = YES;
				CLANG_WARN_UNREACHABLE_CODE = YES;
				CLANG_WARN__DUPLICATE_METHOD_MATCH = YES;
				"CODE_SIGN_IDENTITY[sdk=iphoneos*]" = "iPhone Developer";
				COPY_PHASE_STRIP = NO;
				DEBUG_INFORMATION_FORMAT = "dwarf-with-dsym";
				ENABLE_NS_ASSERTIONS = NO;
				ENABLE_STRICT_OBJC_MSGSEND = YES;
				GCC_C_LANGUAGE_STANDARD = gnu99;
				GCC_NO_COMMON_BLOCKS = YES;
				GCC_WARN_64_TO_32_BIT_CONVERSION = YES;
				GCC_WARN_ABOUT_RETURN_TYPE = YES_ERROR;
				GCC_WARN_UNDECLARED_SELECTOR = YES;
				GCC_WARN_UNINITIALIZED_AUTOS = YES_AGGRESSIVE;
				GCC_WARN_UNUSED_FUNCTION = YES;
				GCC_WARN_UNUSED_VARIABLE = YES;
				IPHONEOS_DEPLOYMENT_TARGET = 10.2;
				MTL_ENABLE_DEBUG_INFO = NO;
				SDKROOT = iphoneos;
				SWIFT_OPTIMIZATION_LEVEL = "-Owholemodule";
				VALIDATE_PRODUCT = YES;
			};
			name = Release;
		};
		16869BEF1E1DE6FC0018D313 /* Debug */ = {
			isa = XCBuildConfiguration;
			baseConfigurationReference = EF244C742988284DC5855FCF /* Pods-twitterLBTA.debug.xcconfig */;
			buildSettings = {
				ASSETCATALOG_COMPILER_APPICON_NAME = AppIcon;
				DEVELOPMENT_TEAM = YH2L94SFDJ;
				INFOPLIST_FILE = twitterLBTA/Info.plist;
				LD_RUNPATH_SEARCH_PATHS = "$(inherited) @executable_path/Frameworks";
				PRODUCT_BUNDLE_IDENTIFIER = com.sanctuaryofdarkness.twitterLBTA;
				PRODUCT_NAME = "$(TARGET_NAME)";
				SWIFT_VERSION = 3.0;
			};
			name = Debug;
		};
		16869BF01E1DE6FC0018D313 /* Release */ = {
			isa = XCBuildConfiguration;
			baseConfigurationReference = D0ECF42FAA99F1F9F9C22B1D /* Pods-twitterLBTA.release.xcconfig */;
			buildSettings = {
				ASSETCATALOG_COMPILER_APPICON_NAME = AppIcon;
				DEVELOPMENT_TEAM = YH2L94SFDJ;
				INFOPLIST_FILE = twitterLBTA/Info.plist;
				LD_RUNPATH_SEARCH_PATHS = "$(inherited) @executable_path/Frameworks";
				PRODUCT_BUNDLE_IDENTIFIER = com.sanctuaryofdarkness.twitterLBTA;
				PRODUCT_NAME = "$(TARGET_NAME)";
				SWIFT_VERSION = 3.0;
			};
			name = Release;
		};
/* End XCBuildConfiguration section */

/* Begin XCConfigurationList section */
		16869BD71E1DE6FB0018D313 /* Build configuration list for PBXProject "twitterLBTA" */ = {
			isa = XCConfigurationList;
			buildConfigurations = (
				16869BEC1E1DE6FC0018D313 /* Debug */,
				16869BED1E1DE6FC0018D313 /* Release */,
			);
			defaultConfigurationIsVisible = 0;
			defaultConfigurationName = Release;
		};
		16869BEE1E1DE6FC0018D313 /* Build configuration list for PBXNativeTarget "twitterLBTA" */ = {
			isa = XCConfigurationList;
			buildConfigurations = (
				16869BEF1E1DE6FC0018D313 /* Debug */,
				16869BF01E1DE6FC0018D313 /* Release */,
			);
			defaultConfigurationIsVisible = 0;
			defaultConfigurationName = Release;
		};
/* End XCConfigurationList section */
	};
	rootObject = 16869BD41E1DE6FB0018D313 /* Project object */;
}
